// !$*UTF8*$!
{
	archiveVersion = 1;
	classes = {
	};
	objectVersion = 50;
	objects = {

/* Begin PBXBuildFile section */
		9A10FE2A20FDF75E00F6F855 /* TasksModel.xcdatamodeld in Sources */ = {isa = PBXBuildFile; fileRef = 9A10FE2820FDF75E00F6F855 /* TasksModel.xcdatamodeld */; };
		9A10FE3920FE00F100F6F855 /* Task.m in Sources */ = {isa = PBXBuildFile; fileRef = 9A10FE3820FE00F100F6F855 /* Task.m */; };
		9A10FE3C20FE0CC700F6F855 /* TaskServiceCoreData.m in Sources */ = {isa = PBXBuildFile; fileRef = 9A10FE3B20FE0CC700F6F855 /* TaskServiceCoreData.m */; };
		9A10FE3F20FE124400F6F855 /* SettingsViewController.m in Sources */ = {isa = PBXBuildFile; fileRef = 9A10FE3E20FE124400F6F855 /* SettingsViewController.m */; };
		9A1D867C20FE578000DB43B1 /* ManagedTask+CoreDataClass.m in Sources */ = {isa = PBXBuildFile; fileRef = 9A1D867A20FE578000DB43B1 /* ManagedTask+CoreDataClass.m */; };
		9A1D867D20FE578000DB43B1 /* ManagedTask+CoreDataProperties.m in Sources */ = {isa = PBXBuildFile; fileRef = 9A1D867B20FE578000DB43B1 /* ManagedTask+CoreDataProperties.m */; };
		9A84CA64210224C500C909AC /* UIColor+ApplicationColors.m in Sources */ = {isa = PBXBuildFile; fileRef = 9A84CA63210224C500C909AC /* UIColor+ApplicationColors.m */; };
		9A89C36A2100A17600F9A475 /* TaskServiceProvider.m in Sources */ = {isa = PBXBuildFile; fileRef = 9A89C3692100A17600F9A475 /* TaskServiceProvider.m */; };
		AA0CE69A20F746B8003A8FEB /* TaskServiceSQLite.m in Sources */ = {isa = PBXBuildFile; fileRef = AA0CE69920F746B8003A8FEB /* TaskServiceSQLite.m */; };
		AA1F2BDB20F36EE900D486ED /* IconCollectionViewCell.m in Sources */ = {isa = PBXBuildFile; fileRef = AA1F2BDA20F36EE900D486ED /* IconCollectionViewCell.m */; };
		AA932BBE20F2A48000864C80 /* AppDelegate.m in Sources */ = {isa = PBXBuildFile; fileRef = AA932BBD20F2A48000864C80 /* AppDelegate.m */; };
		AA932BC420F2A48000864C80 /* Main.storyboard in Resources */ = {isa = PBXBuildFile; fileRef = AA932BC220F2A48000864C80 /* Main.storyboard */; };
		AA932BC620F2A48200864C80 /* Assets.xcassets in Resources */ = {isa = PBXBuildFile; fileRef = AA932BC520F2A48200864C80 /* Assets.xcassets */; };
		AA932BC920F2A48200864C80 /* LaunchScreen.storyboard in Resources */ = {isa = PBXBuildFile; fileRef = AA932BC720F2A48200864C80 /* LaunchScreen.storyboard */; };
		AA932BCC20F2A48200864C80 /* main.m in Sources */ = {isa = PBXBuildFile; fileRef = AA932BCB20F2A48200864C80 /* main.m */; };
		AA932BD420F2A50400864C80 /* libsqlite3.tbd in Frameworks */ = {isa = PBXBuildFile; fileRef = AA932BD320F2A50400864C80 /* libsqlite3.tbd */; };
		AAB4B1E320F53BD3006FCC0B /* AddTaskTableViewController.m in Sources */ = {isa = PBXBuildFile; fileRef = AAB4B1E220F53BD3006FCC0B /* AddTaskTableViewController.m */; };
		AAC6176720F3879300F0DB2C /* SQLiteManager.m in Sources */ = {isa = PBXBuildFile; fileRef = AAC6176620F3879300F0DB2C /* SQLiteManager.m */; };
		AAE6635D20F34805001F521C /* TasksViewController.m in Sources */ = {isa = PBXBuildFile; fileRef = AAE6635C20F34805001F521C /* TasksViewController.m */; };
		AAE6636120F348C5001F521C /* TaskTableViewCell.m in Sources */ = {isa = PBXBuildFile; fileRef = AAE6636020F348C5001F521C /* TaskTableViewCell.m */; };
/* End PBXBuildFile section */

/* Begin PBXFileReference section */
		9A10FE2620FDF69B00F6F855 /* CoreData.framework */ = {isa = PBXFileReference; lastKnownFileType = wrapper.framework; name = CoreData.framework; path = System/Library/Frameworks/CoreData.framework; sourceTree = SDKROOT; };
		9A10FE2920FDF75E00F6F855 /* TasksModel.xcdatamodel */ = {isa = PBXFileReference; lastKnownFileType = wrapper.xcdatamodel; path = TasksModel.xcdatamodel; sourceTree = "<group>"; };
		9A10FE3720FE00F100F6F855 /* Task.h */ = {isa = PBXFileReference; lastKnownFileType = sourcecode.c.h; path = Task.h; sourceTree = "<group>"; };
		9A10FE3820FE00F100F6F855 /* Task.m */ = {isa = PBXFileReference; lastKnownFileType = sourcecode.c.objc; path = Task.m; sourceTree = "<group>"; };
		9A10FE3B20FE0CC700F6F855 /* TaskServiceCoreData.m */ = {isa = PBXFileReference; lastKnownFileType = sourcecode.c.objc; path = TaskServiceCoreData.m; sourceTree = "<group>"; };
		9A10FE3D20FE124400F6F855 /* SettingsViewController.h */ = {isa = PBXFileReference; lastKnownFileType = sourcecode.c.h; path = SettingsViewController.h; sourceTree = "<group>"; };
		9A10FE3E20FE124400F6F855 /* SettingsViewController.m */ = {isa = PBXFileReference; lastKnownFileType = sourcecode.c.objc; path = SettingsViewController.m; sourceTree = "<group>"; };
		9A1D867820FE578000DB43B1 /* ManagedTask+CoreDataProperties.h */ = {isa = PBXFileReference; lastKnownFileType = sourcecode.c.h; path = "ManagedTask+CoreDataProperties.h"; sourceTree = "<group>"; };
		9A1D867920FE578000DB43B1 /* ManagedTask+CoreDataClass.h */ = {isa = PBXFileReference; lastKnownFileType = sourcecode.c.h; path = "ManagedTask+CoreDataClass.h"; sourceTree = "<group>"; };
		9A1D867A20FE578000DB43B1 /* ManagedTask+CoreDataClass.m */ = {isa = PBXFileReference; lastKnownFileType = sourcecode.c.objc; path = "ManagedTask+CoreDataClass.m"; sourceTree = "<group>"; };
		9A1D867B20FE578000DB43B1 /* ManagedTask+CoreDataProperties.m */ = {isa = PBXFileReference; lastKnownFileType = sourcecode.c.objc; path = "ManagedTask+CoreDataProperties.m"; sourceTree = "<group>"; };
		9A74ECF720FE33EF00D34102 /* TaskServiceProtocol.h */ = {isa = PBXFileReference; lastKnownFileType = sourcecode.c.h; path = TaskServiceProtocol.h; sourceTree = "<group>"; };
		9A74ECF820FE34D200D34102 /* TaskServiceSQLite.h */ = {isa = PBXFileReference; lastKnownFileType = sourcecode.c.h; path = TaskServiceSQLite.h; sourceTree = "<group>"; };
		9A74ECF920FE357800D34102 /* TaskServiceCoreData.h */ = {isa = PBXFileReference; lastKnownFileType = sourcecode.c.h; path = TaskServiceCoreData.h; sourceTree = "<group>"; };
		9A78BD542105BB9600D339DD /* StoreType.h */ = {isa = PBXFileReference; lastKnownFileType = sourcecode.c.h; path = StoreType.h; sourceTree = "<group>"; };
		9A78BD552105BC2000D339DD /* Constants.h */ = {isa = PBXFileReference; lastKnownFileType = sourcecode.c.h; path = Constants.h; sourceTree = "<group>"; };
		9A84CA6121020E0400C909AC /* TaskServiceProvider.h */ = {isa = PBXFileReference; lastKnownFileType = sourcecode.c.h; path = TaskServiceProvider.h; sourceTree = "<group>"; };
		9A84CA62210224C500C909AC /* UIColor+ApplicationColors.h */ = {isa = PBXFileReference; lastKnownFileType = sourcecode.c.h; path = "UIColor+ApplicationColors.h"; sourceTree = "<group>"; };
		9A84CA63210224C500C909AC /* UIColor+ApplicationColors.m */ = {isa = PBXFileReference; lastKnownFileType = sourcecode.c.objc; path = "UIColor+ApplicationColors.m"; sourceTree = "<group>"; };
		9A89C3692100A17600F9A475 /* TaskServiceProvider.m */ = {isa = PBXFileReference; lastKnownFileType = sourcecode.c.objc; path = TaskServiceProvider.m; sourceTree = "<group>"; };
		AA0CE69920F746B8003A8FEB /* TaskServiceSQLite.m */ = {isa = PBXFileReference; lastKnownFileType = sourcecode.c.objc; path = TaskServiceSQLite.m; sourceTree = "<group>"; };
		AA1F2BD920F36EE900D486ED /* IconCollectionViewCell.h */ = {isa = PBXFileReference; lastKnownFileType = sourcecode.c.h; path = IconCollectionViewCell.h; sourceTree = "<group>"; };
		AA1F2BDA20F36EE900D486ED /* IconCollectionViewCell.m */ = {isa = PBXFileReference; lastKnownFileType = sourcecode.c.objc; path = IconCollectionViewCell.m; sourceTree = "<group>"; };
		AA932BB920F2A48000864C80 /* TaskManagerSQLite.app */ = {isa = PBXFileReference; explicitFileType = wrapper.application; includeInIndex = 0; path = TaskManagerSQLite.app; sourceTree = BUILT_PRODUCTS_DIR; };
		AA932BBC20F2A48000864C80 /* AppDelegate.h */ = {isa = PBXFileReference; lastKnownFileType = sourcecode.c.h; path = AppDelegate.h; sourceTree = "<group>"; };
		AA932BBD20F2A48000864C80 /* AppDelegate.m */ = {isa = PBXFileReference; lastKnownFileType = sourcecode.c.objc; path = AppDelegate.m; sourceTree = "<group>"; };
		AA932BC320F2A48000864C80 /* Base */ = {isa = PBXFileReference; lastKnownFileType = file.storyboard; name = Base; path = Base.lproj/Main.storyboard; sourceTree = "<group>"; };
		AA932BC520F2A48200864C80 /* Assets.xcassets */ = {isa = PBXFileReference; lastKnownFileType = folder.assetcatalog; path = Assets.xcassets; sourceTree = "<group>"; };
		AA932BC820F2A48200864C80 /* Base */ = {isa = PBXFileReference; lastKnownFileType = file.storyboard; name = Base; path = Base.lproj/LaunchScreen.storyboard; sourceTree = "<group>"; };
		AA932BCA20F2A48200864C80 /* Info.plist */ = {isa = PBXFileReference; lastKnownFileType = text.plist.xml; path = Info.plist; sourceTree = "<group>"; };
		AA932BCB20F2A48200864C80 /* main.m */ = {isa = PBXFileReference; lastKnownFileType = sourcecode.c.objc; path = main.m; sourceTree = "<group>"; };
		AA932BD320F2A50400864C80 /* libsqlite3.tbd */ = {isa = PBXFileReference; lastKnownFileType = "sourcecode.text-based-dylib-definition"; name = libsqlite3.tbd; path = usr/lib/libsqlite3.tbd; sourceTree = SDKROOT; };
		AAB4B1E120F53BD3006FCC0B /* AddTaskTableViewController.h */ = {isa = PBXFileReference; lastKnownFileType = sourcecode.c.h; path = AddTaskTableViewController.h; sourceTree = "<group>"; };
		AAB4B1E220F53BD3006FCC0B /* AddTaskTableViewController.m */ = {isa = PBXFileReference; lastKnownFileType = sourcecode.c.objc; path = AddTaskTableViewController.m; sourceTree = "<group>"; };
		AAC6176520F3879300F0DB2C /* SQLiteManager.h */ = {isa = PBXFileReference; lastKnownFileType = sourcecode.c.h; path = SQLiteManager.h; sourceTree = "<group>"; };
		AAC6176620F3879300F0DB2C /* SQLiteManager.m */ = {isa = PBXFileReference; lastKnownFileType = sourcecode.c.objc; path = SQLiteManager.m; sourceTree = "<group>"; };
		AAE6635B20F34805001F521C /* TasksViewController.h */ = {isa = PBXFileReference; lastKnownFileType = sourcecode.c.h; path = TasksViewController.h; sourceTree = "<group>"; };
		AAE6635C20F34805001F521C /* TasksViewController.m */ = {isa = PBXFileReference; lastKnownFileType = sourcecode.c.objc; path = TasksViewController.m; sourceTree = "<group>"; };
		AAE6635F20F348C5001F521C /* TaskTableViewCell.h */ = {isa = PBXFileReference; lastKnownFileType = sourcecode.c.h; path = TaskTableViewCell.h; sourceTree = "<group>"; };
		AAE6636020F348C5001F521C /* TaskTableViewCell.m */ = {isa = PBXFileReference; lastKnownFileType = sourcecode.c.objc; path = TaskTableViewCell.m; sourceTree = "<group>"; };
/* End PBXFileReference section */

/* Begin PBXFrameworksBuildPhase section */
		AA932BB620F2A48000864C80 /* Frameworks */ = {
			isa = PBXFrameworksBuildPhase;
			buildActionMask = 2147483647;
			files = (
				AA932BD420F2A50400864C80 /* libsqlite3.tbd in Frameworks */,
			);
			runOnlyForDeploymentPostprocessing = 0;
		};
/* End PBXFrameworksBuildPhase section */

/* Begin PBXGroup section */
		9A10FE4020FE125500F6F855 /* SettingsViewController */ = {
			isa = PBXGroup;
			children = (
				9A10FE3D20FE124400F6F855 /* SettingsViewController.h */,
				9A10FE3E20FE124400F6F855 /* SettingsViewController.m */,
			);
			path = SettingsViewController;
			sourceTree = "<group>";
		};
		9A89C36421008C7700F9A475 /* Database */ = {
			isa = PBXGroup;
			children = (
				AAC6176520F3879300F0DB2C /* SQLiteManager.h */,
				AAC6176620F3879300F0DB2C /* SQLiteManager.m */,
			);
			path = Database;
			sourceTree = "<group>";
		};
		AA0CE69520F74680003A8FEB /* Model */ = {
			isa = PBXGroup;
			children = (
				9A10FE3720FE00F100F6F855 /* Task.h */,
				9A10FE3820FE00F100F6F855 /* Task.m */,
				9A10FE2820FDF75E00F6F855 /* TasksModel.xcdatamodeld */,
				9A1D867820FE578000DB43B1 /* ManagedTask+CoreDataProperties.h */,
				9A1D867B20FE578000DB43B1 /* ManagedTask+CoreDataProperties.m */,
				9A1D867920FE578000DB43B1 /* ManagedTask+CoreDataClass.h */,
				9A1D867A20FE578000DB43B1 /* ManagedTask+CoreDataClass.m */,
			);
			path = Model;
			sourceTree = "<group>";
		};
		AA0CE69720F74695003A8FEB /* Store Services */ = {
			isa = PBXGroup;
			children = (
				9A74ECF720FE33EF00D34102 /* TaskServiceProtocol.h */,
				9A74ECF920FE357800D34102 /* TaskServiceCoreData.h */,
				9A10FE3B20FE0CC700F6F855 /* TaskServiceCoreData.m */,
				9A74ECF820FE34D200D34102 /* TaskServiceSQLite.h */,
				AA0CE69920F746B8003A8FEB /* TaskServiceSQLite.m */,
				9A84CA6121020E0400C909AC /* TaskServiceProvider.h */,
				9A89C3692100A17600F9A475 /* TaskServiceProvider.m */,
				9A89C36421008C7700F9A475 /* Database */,
			);
			path = "Store Services";
			sourceTree = "<group>";
		};
		AA1F2BD720F36E7600D486ED /* AddTaskViewController */ = {
			isa = PBXGroup;
			children = (
				AAB4B1E120F53BD3006FCC0B /* AddTaskTableViewController.h */,
				AAB4B1E220F53BD3006FCC0B /* AddTaskTableViewController.m */,
				AA1F2BD920F36EE900D486ED /* IconCollectionViewCell.h */,
				AA1F2BDA20F36EE900D486ED /* IconCollectionViewCell.m */,
			);
			path = AddTaskViewController;
			sourceTree = "<group>";
		};
		AA1F2BD820F36E8200D486ED /* TasksViewController */ = {
			isa = PBXGroup;
			children = (
				AAE6635B20F34805001F521C /* TasksViewController.h */,
				AAE6635C20F34805001F521C /* TasksViewController.m */,
				AAE6635F20F348C5001F521C /* TaskTableViewCell.h */,
				AAE6636020F348C5001F521C /* TaskTableViewCell.m */,
			);
			path = TasksViewController;
			sourceTree = "<group>";
		};
		AA932BB020F2A48000864C80 = {
			isa = PBXGroup;
			children = (
				AA932BBB20F2A48000864C80 /* TaskManagerSQLite */,
				AA932BBA20F2A48000864C80 /* Products */,
				AA932BD220F2A50400864C80 /* Frameworks */,
			);
			sourceTree = "<group>";
		};
		AA932BBA20F2A48000864C80 /* Products */ = {
			isa = PBXGroup;
			children = (
				AA932BB920F2A48000864C80 /* TaskManagerSQLite.app */,
			);
			name = Products;
			sourceTree = "<group>";
		};
		AA932BBB20F2A48000864C80 /* TaskManagerSQLite */ = {
			isa = PBXGroup;
			children = (
				AA932BBC20F2A48000864C80 /* AppDelegate.h */,
				AA932BBD20F2A48000864C80 /* AppDelegate.m */,
				AA932BC220F2A48000864C80 /* Main.storyboard */,
				AA932BCB20F2A48200864C80 /* main.m */,
				AA0CE69520F74680003A8FEB /* Model */,
				AA1F2BD820F36E8200D486ED /* TasksViewController */,
				AA1F2BD720F36E7600D486ED /* AddTaskViewController */,
				AA0CE69720F74695003A8FEB /* Store Services */,
				AA932BC520F2A48200864C80 /* Assets.xcassets */,
				AA932BC720F2A48200864C80 /* LaunchScreen.storyboard */,
				AA932BCA20F2A48200864C80 /* Info.plist */,
				9A10FE4020FE125500F6F855 /* SettingsViewController */,
				9A84CA62210224C500C909AC /* UIColor+ApplicationColors.h */,
				9A84CA63210224C500C909AC /* UIColor+ApplicationColors.m */,
				9A78BD542105BB9600D339DD /* StoreType.h */,
				9A78BD552105BC2000D339DD /* Constants.h */,
			);
			path = TaskManagerSQLite;
			sourceTree = "<group>";
		};
		AA932BD220F2A50400864C80 /* Frameworks */ = {
			isa = PBXGroup;
			children = (
				9A10FE2620FDF69B00F6F855 /* CoreData.framework */,
				AA932BD320F2A50400864C80 /* libsqlite3.tbd */,
			);
			name = Frameworks;
			sourceTree = "<group>";
		};
/* End PBXGroup section */

/* Begin PBXNativeTarget section */
		AA932BB820F2A48000864C80 /* TaskManagerSQLite */ = {
			isa = PBXNativeTarget;
			buildConfigurationList = AA932BCF20F2A48200864C80 /* Build configuration list for PBXNativeTarget "TaskManagerSQLite" */;
			buildPhases = (
				AA932BB520F2A48000864C80 /* Sources */,
				AA932BB620F2A48000864C80 /* Frameworks */,
				AA932BB720F2A48000864C80 /* Resources */,
			);
			buildRules = (
			);
			dependencies = (
			);
			name = TaskManagerSQLite;
			productName = TaskManagerSQLite;
			productReference = AA932BB920F2A48000864C80 /* TaskManagerSQLite.app */;
			productType = "com.apple.product-type.application";
		};
/* End PBXNativeTarget section */

/* Begin PBXProject section */
		AA932BB120F2A48000864C80 /* Project object */ = {
			isa = PBXProject;
			attributes = {
				LastUpgradeCheck = 0940;
				ORGANIZATIONNAME = "Алексей";
				TargetAttributes = {
					AA932BB820F2A48000864C80 = {
						CreatedOnToolsVersion = 9.4.1;
					};
				};
			};
			buildConfigurationList = AA932BB420F2A48000864C80 /* Build configuration list for PBXProject "TaskManagerSQLite" */;
			compatibilityVersion = "Xcode 9.3";
			developmentRegion = en;
			hasScannedForEncodings = 0;
			knownRegions = (
				en,
				Base,
			);
			mainGroup = AA932BB020F2A48000864C80;
			productRefGroup = AA932BBA20F2A48000864C80 /* Products */;
			projectDirPath = "";
			projectRoot = "";
			targets = (
				AA932BB820F2A48000864C80 /* TaskManagerSQLite */,
			);
		};
/* End PBXProject section */

/* Begin PBXResourcesBuildPhase section */
		AA932BB720F2A48000864C80 /* Resources */ = {
			isa = PBXResourcesBuildPhase;
			buildActionMask = 2147483647;
			files = (
				AA932BC920F2A48200864C80 /* LaunchScreen.storyboard in Resources */,
				AA932BC620F2A48200864C80 /* Assets.xcassets in Resources */,
				AA932BC420F2A48000864C80 /* Main.storyboard in Resources */,
			);
			runOnlyForDeploymentPostprocessing = 0;
		};
/* End PBXResourcesBuildPhase section */

/* Begin PBXSourcesBuildPhase section */
		AA932BB520F2A48000864C80 /* Sources */ = {
			isa = PBXSourcesBuildPhase;
			buildActionMask = 2147483647;
			files = (
				9A10FE3920FE00F100F6F855 /* Task.m in Sources */,
				AAE6635D20F34805001F521C /* TasksViewController.m in Sources */,
				AAE6636120F348C5001F521C /* TaskTableViewCell.m in Sources */,
				9A10FE3F20FE124400F6F855 /* SettingsViewController.m in Sources */,
				9A84CA64210224C500C909AC /* UIColor+ApplicationColors.m in Sources */,
				AA1F2BDB20F36EE900D486ED /* IconCollectionViewCell.m in Sources */,
				9A10FE2A20FDF75E00F6F855 /* TasksModel.xcdatamodeld in Sources */,
				9A10FE3C20FE0CC700F6F855 /* TaskServiceCoreData.m in Sources */,
				AA932BCC20F2A48200864C80 /* main.m in Sources */,
				9A89C36A2100A17600F9A475 /* TaskServiceProvider.m in Sources */,
				AAB4B1E320F53BD3006FCC0B /* AddTaskTableViewController.m in Sources */,
				AA0CE69A20F746B8003A8FEB /* TaskServiceSQLite.m in Sources */,
				9A1D867C20FE578000DB43B1 /* ManagedTask+CoreDataClass.m in Sources */,
				AA932BBE20F2A48000864C80 /* AppDelegate.m in Sources */,
				9A1D867D20FE578000DB43B1 /* ManagedTask+CoreDataProperties.m in Sources */,
				AAC6176720F3879300F0DB2C /* SQLiteManager.m in Sources */,
			);
			runOnlyForDeploymentPostprocessing = 0;
		};
/* End PBXSourcesBuildPhase section */

/* Begin PBXVariantGroup section */
		AA932BC220F2A48000864C80 /* Main.storyboard */ = {
			isa = PBXVariantGroup;
			children = (
				AA932BC320F2A48000864C80 /* Base */,
			);
			name = Main.storyboard;
			sourceTree = "<group>";
		};
		AA932BC720F2A48200864C80 /* LaunchScreen.storyboard */ = {
			isa = PBXVariantGroup;
			children = (
				AA932BC820F2A48200864C80 /* Base */,
			);
			name = LaunchScreen.storyboard;
			sourceTree = "<group>";
		};
/* End PBXVariantGroup section */

/* Begin XCBuildConfiguration section */
		AA932BCD20F2A48200864C80 /* Debug */ = {
			isa = XCBuildConfiguration;
			buildSettings = {
				ALWAYS_SEARCH_USER_PATHS = NO;
				CLANG_ANALYZER_NONNULL = YES;
				CLANG_ANALYZER_NUMBER_OBJECT_CONVERSION = YES_AGGRESSIVE;
				CLANG_CXX_LANGUAGE_STANDARD = "gnu++14";
				CLANG_CXX_LIBRARY = "libc++";
				CLANG_ENABLE_MODULES = YES;
				CLANG_ENABLE_OBJC_ARC = YES;
				CLANG_ENABLE_OBJC_WEAK = YES;
				CLANG_WARN_BLOCK_CAPTURE_AUTORELEASING = YES;
				CLANG_WARN_BOOL_CONVERSION = YES;
				CLANG_WARN_COMMA = YES;
				CLANG_WARN_CONSTANT_CONVERSION = YES;
				CLANG_WARN_DEPRECATED_OBJC_IMPLEMENTATIONS = YES;
				CLANG_WARN_DIRECT_OBJC_ISA_USAGE = YES_ERROR;
				CLANG_WARN_DOCUMENTATION_COMMENTS = YES;
				CLANG_WARN_EMPTY_BODY = YES;
				CLANG_WARN_ENUM_CONVERSION = YES;
				CLANG_WARN_INFINITE_RECURSION = YES;
				CLANG_WARN_INT_CONVERSION = YES;
				CLANG_WARN_NON_LITERAL_NULL_CONVERSION = YES;
				CLANG_WARN_OBJC_IMPLICIT_RETAIN_SELF = YES;
				CLANG_WARN_OBJC_LITERAL_CONVERSION = YES;
				CLANG_WARN_OBJC_ROOT_CLASS = YES_ERROR;
				CLANG_WARN_RANGE_LOOP_ANALYSIS = YES;
				CLANG_WARN_STRICT_PROTOTYPES = YES;
				CLANG_WARN_SUSPICIOUS_MOVE = YES;
				CLANG_WARN_UNGUARDED_AVAILABILITY = YES_AGGRESSIVE;
				CLANG_WARN_UNREACHABLE_CODE = YES;
				CLANG_WARN__DUPLICATE_METHOD_MATCH = YES;
				CODE_SIGN_IDENTITY = "iPhone Developer";
				COPY_PHASE_STRIP = NO;
				DEBUG_INFORMATION_FORMAT = dwarf;
				ENABLE_STRICT_OBJC_MSGSEND = YES;
				ENABLE_TESTABILITY = YES;
				GCC_C_LANGUAGE_STANDARD = gnu11;
				GCC_DYNAMIC_NO_PIC = NO;
				GCC_NO_COMMON_BLOCKS = YES;
				GCC_OPTIMIZATION_LEVEL = 0;
				GCC_PREPROCESSOR_DEFINITIONS = (
					"DEBUG=1",
					"$(inherited)",
				);
				GCC_WARN_64_TO_32_BIT_CONVERSION = YES;
				GCC_WARN_ABOUT_RETURN_TYPE = YES_ERROR;
				GCC_WARN_UNDECLARED_SELECTOR = YES;
				GCC_WARN_UNINITIALIZED_AUTOS = YES_AGGRESSIVE;
				GCC_WARN_UNUSED_FUNCTION = YES;
				GCC_WARN_UNUSED_VARIABLE = YES;
				IPHONEOS_DEPLOYMENT_TARGET = 11.4;
				MTL_ENABLE_DEBUG_INFO = YES;
				ONLY_ACTIVE_ARCH = YES;
				SDKROOT = iphoneos;
			};
			name = Debug;
		};
		AA932BCE20F2A48200864C80 /* Release */ = {
			isa = XCBuildConfiguration;
			buildSettings = {
				ALWAYS_SEARCH_USER_PATHS = NO;
				CLANG_ANALYZER_NONNULL = YES;
				CLANG_ANALYZER_NUMBER_OBJECT_CONVERSION = YES_AGGRESSIVE;
				CLANG_CXX_LANGUAGE_STANDARD = "gnu++14";
				CLANG_CXX_LIBRARY = "libc++";
				CLANG_ENABLE_MODULES = YES;
				CLANG_ENABLE_OBJC_ARC = YES;
				CLANG_ENABLE_OBJC_WEAK = YES;
				CLANG_WARN_BLOCK_CAPTURE_AUTORELEASING = YES;
				CLANG_WARN_BOOL_CONVERSION = YES;
				CLANG_WARN_COMMA = YES;
				CLANG_WARN_CONSTANT_CONVERSION = YES;
				CLANG_WARN_DEPRECATED_OBJC_IMPLEMENTATIONS = YES;
				CLANG_WARN_DIRECT_OBJC_ISA_USAGE = YES_ERROR;
				CLANG_WARN_DOCUMENTATION_COMMENTS = YES;
				CLANG_WARN_EMPTY_BODY = YES;
				CLANG_WARN_ENUM_CONVERSION = YES;
				CLANG_WARN_INFINITE_RECURSION = YES;
				CLANG_WARN_INT_CONVERSION = YES;
				CLANG_WARN_NON_LITERAL_NULL_CONVERSION = YES;
				CLANG_WARN_OBJC_IMPLICIT_RETAIN_SELF = YES;
				CLANG_WARN_OBJC_LITERAL_CONVERSION = YES;
				CLANG_WARN_OBJC_ROOT_CLASS = YES_ERROR;
				CLANG_WARN_RANGE_LOOP_ANALYSIS = YES;
				CLANG_WARN_STRICT_PROTOTYPES = YES;
				CLANG_WARN_SUSPICIOUS_MOVE = YES;
				CLANG_WARN_UNGUARDED_AVAILABILITY = YES_AGGRESSIVE;
				CLANG_WARN_UNREACHABLE_CODE = YES;
				CLANG_WARN__DUPLICATE_METHOD_MATCH = YES;
				CODE_SIGN_IDENTITY = "iPhone Developer";
				COPY_PHASE_STRIP = NO;
				DEBUG_INFORMATION_FORMAT = "dwarf-with-dsym";
				ENABLE_NS_ASSERTIONS = NO;
				ENABLE_STRICT_OBJC_MSGSEND = YES;
				GCC_C_LANGUAGE_STANDARD = gnu11;
				GCC_NO_COMMON_BLOCKS = YES;
				GCC_WARN_64_TO_32_BIT_CONVERSION = YES;
				GCC_WARN_ABOUT_RETURN_TYPE = YES_ERROR;
				GCC_WARN_UNDECLARED_SELECTOR = YES;
				GCC_WARN_UNINITIALIZED_AUTOS = YES_AGGRESSIVE;
				GCC_WARN_UNUSED_FUNCTION = YES;
				GCC_WARN_UNUSED_VARIABLE = YES;
				IPHONEOS_DEPLOYMENT_TARGET = 11.4;
				MTL_ENABLE_DEBUG_INFO = NO;
				SDKROOT = iphoneos;
				VALIDATE_PRODUCT = YES;
			};
			name = Release;
		};
		AA932BD020F2A48200864C80 /* Debug */ = {
			isa = XCBuildConfiguration;
			buildSettings = {
				ASSETCATALOG_COMPILER_APPICON_NAME = AppIcon;
				CODE_SIGN_STYLE = Automatic;
				DEVELOPMENT_TEAM = M3L778SRB3;
				INFOPLIST_FILE = TaskManagerSQLite/Info.plist;
				LD_RUNPATH_SEARCH_PATHS = (
					"$(inherited)",
					"@executable_path/Frameworks",
				);
				PRODUCT_BUNDLE_IDENTIFIER = Piatyha.TaskManagerSQLite;
				PRODUCT_NAME = "$(TARGET_NAME)";
				TARGETED_DEVICE_FAMILY = "1,2";
			};
			name = Debug;
		};
		AA932BD120F2A48200864C80 /* Release */ = {
			isa = XCBuildConfiguration;
			buildSettings = {
				ASSETCATALOG_COMPILER_APPICON_NAME = AppIcon;
				CODE_SIGN_STYLE = Automatic;
				DEVELOPMENT_TEAM = M3L778SRB3;
				INFOPLIST_FILE = TaskManagerSQLite/Info.plist;
				LD_RUNPATH_SEARCH_PATHS = (
					"$(inherited)",
					"@executable_path/Frameworks",
				);
				PRODUCT_BUNDLE_IDENTIFIER = Piatyha.TaskManagerSQLite;
				PRODUCT_NAME = "$(TARGET_NAME)";
				TARGETED_DEVICE_FAMILY = "1,2";
			};
			name = Release;
		};
/* End XCBuildConfiguration section */

/* Begin XCConfigurationList section */
		AA932BB420F2A48000864C80 /* Build configuration list for PBXProject "TaskManagerSQLite" */ = {
			isa = XCConfigurationList;
			buildConfigurations = (
				AA932BCD20F2A48200864C80 /* Debug */,
				AA932BCE20F2A48200864C80 /* Release */,
			);
			defaultConfigurationIsVisible = 0;
			defaultConfigurationName = Release;
		};
		AA932BCF20F2A48200864C80 /* Build configuration list for PBXNativeTarget "TaskManagerSQLite" */ = {
			isa = XCConfigurationList;
			buildConfigurations = (
				AA932BD020F2A48200864C80 /* Debug */,
				AA932BD120F2A48200864C80 /* Release */,
			);
			defaultConfigurationIsVisible = 0;
			defaultConfigurationName = Release;
		};
/* End XCConfigurationList section */

/* Begin XCVersionGroup section */
		9A10FE2820FDF75E00F6F855 /* TasksModel.xcdatamodeld */ = {
			isa = XCVersionGroup;
			children = (
				9A10FE2920FDF75E00F6F855 /* TasksModel.xcdatamodel */,
			);
			currentVersion = 9A10FE2920FDF75E00F6F855 /* TasksModel.xcdatamodel */;
			path = TasksModel.xcdatamodeld;
			sourceTree = "<group>";
			versionGroupType = wrapper.xcdatamodel;
		};
/* End XCVersionGroup section */
	};
	rootObject = AA932BB120F2A48000864C80 /* Project object */;
}
